
Microsoft Visual Studio Solution File, Format Version 12.00
# Visual Studio Version 17
VisualStudioVersion = 17.3.32825.248
MinimumVisualStudioVersion = 10.0.40219.1
Project("{FAE04EC0-301F-11D3-BF4B-00C04F79EFBC}") = "HostelManagementApplication", "HostelManagementApplication.csproj", "{64370B31-8710-415A-94CB-9155A342694F}"
EndProject
Global
	GlobalSection(SolutionConfigurationPlatforms) = preSolution
		Debug|Any CPU = Debug|Any CPU
		Release|Any CPU = Release|Any CPU
	EndGlobalSection
	GlobalSection(ProjectConfigurationPlatforms) = postSolution
		{64370B31-8710-415A-94CB-9155A342694F}.Debug|Any CPU.ActiveCfg = Debug|Any CPU
		{64370B31-8710-415A-94CB-9155A342694F}.Debug|Any CPU.Build.0 = Debug|Any CPU
		{64370B31-8710-415A-94CB-9155A342694F}.Release|Any CPU.ActiveCfg = Release|Any CPU
		{64370B31-8710-415A-94CB-9155A342694F}.Release|Any CPU.Build.0 = Release|Any CPU
	EndGlobalSection
	GlobalSection(SolutionProperties) = preSolution
		HideSolutionNode = FALSE
	EndGlobalSection
	GlobalSection(ExtensibilityGlobals) = postSolution
		SolutionGuid = {CFE475BF-2846-4305-9854-32215D0A100C}
	EndGlobalSection
EndGlobal
